
Microsoft Visual Studio Solution File, Format Version 12.00
Project("{FAE04EC0-301F-11D3-BF4B-00C04F79EFBC}") = "Postbucket", "Postbucket\Postbucket.csproj", "{3150064E-7FB7-46CD-B9BB-603A66BB0464}"
EndProject
Global
	GlobalSection(SolutionConfigurationPlatforms) = preSolution
		Debug|Any CPU = Debug|Any CPU
		Release|Any CPU = Release|Any CPU
	EndGlobalSection
	GlobalSection(ProjectConfigurationPlatforms) = postSolution
		{3150064E-7FB7-46CD-B9BB-603A66BB0464}.Debug|Any CPU.ActiveCfg = Debug|Any CPU
		{3150064E-7FB7-46CD-B9BB-603A66BB0464}.Debug|Any CPU.Build.0 = Debug|Any CPU
		{3150064E-7FB7-46CD-B9BB-603A66BB0464}.Release|Any CPU.ActiveCfg = Release|Any CPU
		{3150064E-7FB7-46CD-B9BB-603A66BB0464}.Release|Any CPU.Build.0 = Release|Any CPU
	EndGlobalSection
EndGlobal
